# THIS IS AN AUTOGENERATED FILE. DO NOT EDIT THIS FILE DIRECTLY.
# yarn lockfile v1


decode-uri-component@^0.2.0:
  version "0.2.0"
  resolved "https://registry.yarnpkg.com/decode-uri-component/-/decode-uri-component-0.2.0.tgz#eb3913333458775cb84cd1a1fae062106bb87545"

dotenv@^7.0.0:
  version "7.0.0"
  resolved "https://registry.yarnpkg.com/dotenv/-/dotenv-7.0.0.tgz#a2be3cd52736673206e8a85fb5210eea29628e7c"

esm@^3.2.18:
  version "3.2.18"
  resolved "https://registry.yarnpkg.com/esm/-/esm-3.2.18.tgz#54e9276449ab832b01240069ae66bf245785c767"

lodash@^4.17.11:
  version "4.17.11"
  resolved "https://registry.yarnpkg.com/lodash/-/lodash-4.17.11.tgz#b39ea6229ef607ecd89e2c8df12536891cac9b8d"

node-fetch@^2.3.0:
  version "2.3.0"
  resolved "https://registry.yarnpkg.com/node-fetch/-/node-fetch-2.3.0.tgz#1a1d940bbfb916a1d3e0219f037e89e71f8c5fa5"

node-instagram@^4.3.0:
  version "4.3.0"
  resolved "https://registry.yarnpkg.com/node-instagram/-/node-instagram-4.3.0.tgz#b96242bd3b2558c082eab1b5671fdf50911344d4"
  dependencies:
    lodash "^4.17.11"
    node-fetch "^2.3.0"
    query-string "^6.2.0"

query-string@^6.2.0:
  version "6.4.0"
  resolved "https://registry.yarnpkg.com/query-string/-/query-string-6.4.0.tgz#1566c0cec3a2da2d82c222ed3f9e2a921dba5e6a"
  dependencies:
    decode-uri-component "^0.2.0"
    strict-uri-encode "^2.0.0"

strict-uri-encode@^2.0.0:
  version "2.0.0"
  resolved "https://registry.yarnpkg.com/strict-uri-encode/-/strict-uri-encode-2.0.0.tgz#b9c7330c7042862f6b142dc274bbcc5866ce3546"
